// !$*UTF8*$!
{
	archiveVersion = 1;
	classes = {
	};
	objectVersion = 56;
	objects = {

/* Begin PBXBuildFile section */
		A23E51CE2AE07A6200A4F61D /* HomeVC.swift in Sources */ = {isa = PBXBuildFile; fileRef = A23E51CD2AE07A6200A4F61D /* HomeVC.swift */; };
		A271A53F2AE02C1D0086CC20 /* AppDelegate.swift in Sources */ = {isa = PBXBuildFile; fileRef = A271A53E2AE02C1D0086CC20 /* AppDelegate.swift */; };
		A271A5412AE02C1D0086CC20 /* SceneDelegate.swift in Sources */ = {isa = PBXBuildFile; fileRef = A271A5402AE02C1D0086CC20 /* SceneDelegate.swift */; };
		A271A5432AE02C1D0086CC20 /* SplashVC.swift in Sources */ = {isa = PBXBuildFile; fileRef = A271A5422AE02C1D0086CC20 /* SplashVC.swift */; };
		A271A5462AE02C1D0086CC20 /* Main.storyboard in Resources */ = {isa = PBXBuildFile; fileRef = A271A5442AE02C1D0086CC20 /* Main.storyboard */; };
		A271A5482AE02C1E0086CC20 /* Assets.xcassets in Resources */ = {isa = PBXBuildFile; fileRef = A271A5472AE02C1E0086CC20 /* Assets.xcassets */; };
		A271A54B2AE02C1E0086CC20 /* LaunchScreen.storyboard in Resources */ = {isa = PBXBuildFile; fileRef = A271A5492AE02C1E0086CC20 /* LaunchScreen.storyboard */; };
		A271A55E2AE02DA20086CC20 /* SplashVM.swift in Sources */ = {isa = PBXBuildFile; fileRef = A271A55D2AE02DA20086CC20 /* SplashVM.swift */; };
		A271A5612AE030F20086CC20 /* ApiClientError.swift in Sources */ = {isa = PBXBuildFile; fileRef = A271A5602AE030F20086CC20 /* ApiClientError.swift */; };
		A271A5632AE031030086CC20 /* ApiConstant.swift in Sources */ = {isa = PBXBuildFile; fileRef = A271A5622AE031030086CC20 /* ApiConstant.swift */; };
		A271A5652AE031200086CC20 /* EndPoint.swift in Sources */ = {isa = PBXBuildFile; fileRef = A271A5642AE031200086CC20 /* EndPoint.swift */; };
		A271A5672AE0312A0086CC20 /* NetworkManager.swift in Sources */ = {isa = PBXBuildFile; fileRef = A271A5662AE0312A0086CC20 /* NetworkManager.swift */; };
		A271A56A2AE031760086CC20 /* Alamofire in Frameworks */ = {isa = PBXBuildFile; productRef = A271A5692AE031760086CC20 /* Alamofire */; };
		A282E0E32AE039B900E0938A /* HomeVM.swift in Sources */ = {isa = PBXBuildFile; fileRef = A282E0E22AE039B900E0938A /* HomeVM.swift */; };
		A282E0E62AE03B7C00E0938A /* BaseVC.swift in Sources */ = {isa = PBXBuildFile; fileRef = A282E0E52AE03B7C00E0938A /* BaseVC.swift */; };
/* End PBXBuildFile section */

/* Begin PBXFileReference section */
		A23E51CD2AE07A6200A4F61D /* HomeVC.swift */ = {isa = PBXFileReference; lastKnownFileType = sourcecode.swift; path = HomeVC.swift; sourceTree = "<group>"; };
		A271A53B2AE02C1D0086CC20 /* FilmApp.app */ = {isa = PBXFileReference; explicitFileType = wrapper.application; includeInIndex = 0; path = FilmApp.app; sourceTree = BUILT_PRODUCTS_DIR; };
		A271A53E2AE02C1D0086CC20 /* AppDelegate.swift */ = {isa = PBXFileReference; lastKnownFileType = sourcecode.swift; path = AppDelegate.swift; sourceTree = "<group>"; };
		A271A5402AE02C1D0086CC20 /* SceneDelegate.swift */ = {isa = PBXFileReference; lastKnownFileType = sourcecode.swift; path = SceneDelegate.swift; sourceTree = "<group>"; };
		A271A5422AE02C1D0086CC20 /* SplashVC.swift */ = {isa = PBXFileReference; lastKnownFileType = sourcecode.swift; path = SplashVC.swift; sourceTree = "<group>"; };
		A271A5452AE02C1D0086CC20 /* Base */ = {isa = PBXFileReference; lastKnownFileType = file.storyboard; name = Base; path = Base.lproj/Main.storyboard; sourceTree = "<group>"; };
		A271A5472AE02C1E0086CC20 /* Assets.xcassets */ = {isa = PBXFileReference; lastKnownFileType = folder.assetcatalog; path = Assets.xcassets; sourceTree = "<group>"; };
		A271A54A2AE02C1E0086CC20 /* Base */ = {isa = PBXFileReference; lastKnownFileType = file.storyboard; name = Base; path = Base.lproj/LaunchScreen.storyboard; sourceTree = "<group>"; };
		A271A54C2AE02C1E0086CC20 /* Info.plist */ = {isa = PBXFileReference; lastKnownFileType = text.plist.xml; path = Info.plist; sourceTree = "<group>"; };
		A271A55D2AE02DA20086CC20 /* SplashVM.swift */ = {isa = PBXFileReference; lastKnownFileType = sourcecode.swift; path = SplashVM.swift; sourceTree = "<group>"; };
		A271A5602AE030F20086CC20 /* ApiClientError.swift */ = {isa = PBXFileReference; lastKnownFileType = sourcecode.swift; path = ApiClientError.swift; sourceTree = "<group>"; };
		A271A5622AE031030086CC20 /* ApiConstant.swift */ = {isa = PBXFileReference; lastKnownFileType = sourcecode.swift; path = ApiConstant.swift; sourceTree = "<group>"; };
		A271A5642AE031200086CC20 /* EndPoint.swift */ = {isa = PBXFileReference; lastKnownFileType = sourcecode.swift; path = EndPoint.swift; sourceTree = "<group>"; };
		A271A5662AE0312A0086CC20 /* NetworkManager.swift */ = {isa = PBXFileReference; lastKnownFileType = sourcecode.swift; path = NetworkManager.swift; sourceTree = "<group>"; };
		A282E0E22AE039B900E0938A /* HomeVM.swift */ = {isa = PBXFileReference; lastKnownFileType = sourcecode.swift; path = HomeVM.swift; sourceTree = "<group>"; };
		A282E0E52AE03B7C00E0938A /* BaseVC.swift */ = {isa = PBXFileReference; lastKnownFileType = sourcecode.swift; path = BaseVC.swift; sourceTree = "<group>"; };
/* End PBXFileReference section */

/* Begin PBXFrameworksBuildPhase section */
		A271A5382AE02C1D0086CC20 /* Frameworks */ = {
			isa = PBXFrameworksBuildPhase;
			buildActionMask = 2147483647;
			files = (
				A271A56A2AE031760086CC20 /* Alamofire in Frameworks */,
			);
			runOnlyForDeploymentPostprocessing = 0;
		};
/* End PBXFrameworksBuildPhase section */

/* Begin PBXGroup section */
		A271A5322AE02C1D0086CC20 = {
			isa = PBXGroup;
			children = (
				A271A53D2AE02C1D0086CC20 /* FilmApp */,
				A271A53C2AE02C1D0086CC20 /* Products */,
			);
			sourceTree = "<group>";
		};
		A271A53C2AE02C1D0086CC20 /* Products */ = {
			isa = PBXGroup;
			children = (
				A271A53B2AE02C1D0086CC20 /* FilmApp.app */,
			);
			name = Products;
			sourceTree = "<group>";
		};
		A271A53D2AE02C1D0086CC20 /* FilmApp */ = {
			isa = PBXGroup;
			children = (
				A271A54C2AE02C1E0086CC20 /* Info.plist */,
				A282E0E42AE03B6100E0938A /* Base */,
				A271A55F2AE030D20086CC20 /* Network */,
				A271A5532AE02C370086CC20 /* Scenes */,
				A271A5522AE02C260086CC20 /* Core */,
			);
			path = FilmApp;
			sourceTree = "<group>";
		};
		A271A5522AE02C260086CC20 /* Core */ = {
			isa = PBXGroup;
			children = (
				A271A5492AE02C1E0086CC20 /* LaunchScreen.storyboard */,
				A271A53E2AE02C1D0086CC20 /* AppDelegate.swift */,
				A271A5472AE02C1E0086CC20 /* Assets.xcassets */,
				A271A5442AE02C1D0086CC20 /* Main.storyboard */,
				A271A5402AE02C1D0086CC20 /* SceneDelegate.swift */,
			);
			path = Core;
			sourceTree = "<group>";
		};
		A271A5532AE02C370086CC20 /* Scenes */ = {
			isa = PBXGroup;
			children = (
				A271A5562AE02C640086CC20 /* Details */,
				A271A5552AE02C550086CC20 /* Home */,
				A271A5542AE02C4E0086CC20 /* Splash */,
			);
			path = Scenes;
			sourceTree = "<group>";
		};
		A271A5542AE02C4E0086CC20 /* Splash */ = {
			isa = PBXGroup;
			children = (
				A271A5582AE02C810086CC20 /* Model */,
				A271A5572AE02C7C0086CC20 /* View */,
				A271A5592AE02C860086CC20 /* ViewModel */,
			);
			name = Splash;
			sourceTree = "<group>";
		};
		A271A5552AE02C550086CC20 /* Home */ = {
			isa = PBXGroup;
			children = (
				A271A55C2AE02CD30086CC20 /* ViewModel */,
				A271A55B2AE02CCE0086CC20 /* View */,
				A271A55A2AE02CC90086CC20 /* Model */,
			);
			name = Home;
			sourceTree = "<group>";
		};
		A271A5562AE02C640086CC20 /* Details */ = {
			isa = PBXGroup;
			children = (
			);
			name = Details;
			sourceTree = "<group>";
		};
		A271A5572AE02C7C0086CC20 /* View */ = {
			isa = PBXGroup;
			children = (
				A271A5422AE02C1D0086CC20 /* SplashVC.swift */,
			);
			name = View;
			sourceTree = "<group>";
		};
		A271A5582AE02C810086CC20 /* Model */ = {
			isa = PBXGroup;
			children = (
			);
			name = Model;
			sourceTree = "<group>";
		};
		A271A5592AE02C860086CC20 /* ViewModel */ = {
			isa = PBXGroup;
			children = (
				A271A55D2AE02DA20086CC20 /* SplashVM.swift */,
			);
			name = ViewModel;
			sourceTree = "<group>";
		};
		A271A55A2AE02CC90086CC20 /* Model */ = {
			isa = PBXGroup;
			children = (
			);
			name = Model;
			sourceTree = "<group>";
		};
		A271A55B2AE02CCE0086CC20 /* View */ = {
			isa = PBXGroup;
			children = (
				A23E51CD2AE07A6200A4F61D /* HomeVC.swift */,
			);
			name = View;
			sourceTree = "<group>";
		};
		A271A55C2AE02CD30086CC20 /* ViewModel */ = {
			isa = PBXGroup;
			children = (
				A282E0E22AE039B900E0938A /* HomeVM.swift */,
			);
			name = ViewModel;
			sourceTree = "<group>";
		};
		A271A55F2AE030D20086CC20 /* Network */ = {
			isa = PBXGroup;
			children = (
				A271A5602AE030F20086CC20 /* ApiClientError.swift */,
				A271A5622AE031030086CC20 /* ApiConstant.swift */,
				A271A5642AE031200086CC20 /* EndPoint.swift */,
				A271A5662AE0312A0086CC20 /* NetworkManager.swift */,
			);
			path = Network;
			sourceTree = "<group>";
		};
		A282E0E42AE03B6100E0938A /* Base */ = {
			isa = PBXGroup;
			children = (
				A282E0E52AE03B7C00E0938A /* BaseVC.swift */,
			);
			path = Base;
			sourceTree = "<group>";
		};
/* End PBXGroup section */

/* Begin PBXNativeTarget section */
		A271A53A2AE02C1D0086CC20 /* FilmApp */ = {
			isa = PBXNativeTarget;
			buildConfigurationList = A271A54F2AE02C1E0086CC20 /* Build configuration list for PBXNativeTarget "FilmApp" */;
			buildPhases = (
				A271A5372AE02C1D0086CC20 /* Sources */,
				A271A5382AE02C1D0086CC20 /* Frameworks */,
				A271A5392AE02C1D0086CC20 /* Resources */,
			);
			buildRules = (
			);
			dependencies = (
			);
			name = FilmApp;
			packageProductDependencies = (
				A271A5692AE031760086CC20 /* Alamofire */,
			);
			productName = FilmApp;
			productReference = A271A53B2AE02C1D0086CC20 /* FilmApp.app */;
			productType = "com.apple.product-type.application";
		};
/* End PBXNativeTarget section */

/* Begin PBXProject section */
		A271A5332AE02C1D0086CC20 /* Project object */ = {
			isa = PBXProject;
			attributes = {
				BuildIndependentTargetsInParallel = 1;
				LastSwiftUpdateCheck = 1430;
				LastUpgradeCheck = 1430;
				TargetAttributes = {
					A271A53A2AE02C1D0086CC20 = {
						CreatedOnToolsVersion = 14.3.1;
					};
				};
			};
			buildConfigurationList = A271A5362AE02C1D0086CC20 /* Build configuration list for PBXProject "FilmApp" */;
			compatibilityVersion = "Xcode 14.0";
			developmentRegion = en;
			hasScannedForEncodings = 0;
			knownRegions = (
				en,
				Base,
			);
			mainGroup = A271A5322AE02C1D0086CC20;
			packageReferences = (
				A271A5682AE031760086CC20 /* XCRemoteSwiftPackageReference "Alamofire" */,
			);
			productRefGroup = A271A53C2AE02C1D0086CC20 /* Products */;
			projectDirPath = "";
			projectRoot = "";
			targets = (
				A271A53A2AE02C1D0086CC20 /* FilmApp */,
			);
		};
/* End PBXProject section */

/* Begin PBXResourcesBuildPhase section */
		A271A5392AE02C1D0086CC20 /* Resources */ = {
			isa = PBXResourcesBuildPhase;
			buildActionMask = 2147483647;
			files = (
				A271A54B2AE02C1E0086CC20 /* LaunchScreen.storyboard in Resources */,
				A271A5482AE02C1E0086CC20 /* Assets.xcassets in Resources */,
				A271A5462AE02C1D0086CC20 /* Main.storyboard in Resources */,
			);
			runOnlyForDeploymentPostprocessing = 0;
		};
/* End PBXResourcesBuildPhase section */

/* Begin PBXSourcesBuildPhase section */
		A271A5372AE02C1D0086CC20 /* Sources */ = {
			isa = PBXSourcesBuildPhase;
			buildActionMask = 2147483647;
			files = (
				A271A5632AE031030086CC20 /* ApiConstant.swift in Sources */,
				A282E0E32AE039B900E0938A /* HomeVM.swift in Sources */,
				A271A5612AE030F20086CC20 /* ApiClientError.swift in Sources */,
				A271A5432AE02C1D0086CC20 /* SplashVC.swift in Sources */,
				A271A53F2AE02C1D0086CC20 /* AppDelegate.swift in Sources */,
				A271A5672AE0312A0086CC20 /* NetworkManager.swift in Sources */,
				A271A5412AE02C1D0086CC20 /* SceneDelegate.swift in Sources */,
				A271A5652AE031200086CC20 /* EndPoint.swift in Sources */,
				A282E0E62AE03B7C00E0938A /* BaseVC.swift in Sources */,
				A23E51CE2AE07A6200A4F61D /* HomeVC.swift in Sources */,
				A271A55E2AE02DA20086CC20 /* SplashVM.swift in Sources */,
			);
			runOnlyForDeploymentPostprocessing = 0;
		};
/* End PBXSourcesBuildPhase section */

/* Begin PBXVariantGroup section */
		A271A5442AE02C1D0086CC20 /* Main.storyboard */ = {
			isa = PBXVariantGroup;
			children = (
				A271A5452AE02C1D0086CC20 /* Base */,
			);
			name = Main.storyboard;
			sourceTree = "<group>";
		};
		A271A5492AE02C1E0086CC20 /* LaunchScreen.storyboard */ = {
			isa = PBXVariantGroup;
			children = (
				A271A54A2AE02C1E0086CC20 /* Base */,
			);
			name = LaunchScreen.storyboard;
			sourceTree = "<group>";
		};
/* End PBXVariantGroup section */

/* Begin XCBuildConfiguration section */
		A271A54D2AE02C1E0086CC20 /* Debug */ = {
			isa = XCBuildConfiguration;
			buildSettings = {
				ALWAYS_SEARCH_USER_PATHS = NO;
				CLANG_ANALYZER_NONNULL = YES;
				CLANG_ANALYZER_NUMBER_OBJECT_CONVERSION = YES_AGGRESSIVE;
				CLANG_CXX_LANGUAGE_STANDARD = "gnu++20";
				CLANG_ENABLE_MODULES = YES;
				CLANG_ENABLE_OBJC_ARC = YES;
				CLANG_ENABLE_OBJC_WEAK = YES;
				CLANG_WARN_BLOCK_CAPTURE_AUTORELEASING = YES;
				CLANG_WARN_BOOL_CONVERSION = YES;
				CLANG_WARN_COMMA = YES;
				CLANG_WARN_CONSTANT_CONVERSION = YES;
				CLANG_WARN_DEPRECATED_OBJC_IMPLEMENTATIONS = YES;
				CLANG_WARN_DIRECT_OBJC_ISA_USAGE = YES_ERROR;
				CLANG_WARN_DOCUMENTATION_COMMENTS = YES;
				CLANG_WARN_EMPTY_BODY = YES;
				CLANG_WARN_ENUM_CONVERSION = YES;
				CLANG_WARN_INFINITE_RECURSION = YES;
				CLANG_WARN_INT_CONVERSION = YES;
				CLANG_WARN_NON_LITERAL_NULL_CONVERSION = YES;
				CLANG_WARN_OBJC_IMPLICIT_RETAIN_SELF = YES;
				CLANG_WARN_OBJC_LITERAL_CONVERSION = YES;
				CLANG_WARN_OBJC_ROOT_CLASS = YES_ERROR;
				CLANG_WARN_QUOTED_INCLUDE_IN_FRAMEWORK_HEADER = YES;
				CLANG_WARN_RANGE_LOOP_ANALYSIS = YES;
				CLANG_WARN_STRICT_PROTOTYPES = YES;
				CLANG_WARN_SUSPICIOUS_MOVE = YES;
				CLANG_WARN_UNGUARDED_AVAILABILITY = YES_AGGRESSIVE;
				CLANG_WARN_UNREACHABLE_CODE = YES;
				CLANG_WARN__DUPLICATE_METHOD_MATCH = YES;
				COPY_PHASE_STRIP = NO;
				DEBUG_INFORMATION_FORMAT = dwarf;
				ENABLE_STRICT_OBJC_MSGSEND = YES;
				ENABLE_TESTABILITY = YES;
				GCC_C_LANGUAGE_STANDARD = gnu11;
				GCC_DYNAMIC_NO_PIC = NO;
				GCC_NO_COMMON_BLOCKS = YES;
				GCC_OPTIMIZATION_LEVEL = 0;
				GCC_PREPROCESSOR_DEFINITIONS = (
					"DEBUG=1",
					"$(inherited)",
				);
				GCC_WARN_64_TO_32_BIT_CONVERSION = YES;
				GCC_WARN_ABOUT_RETURN_TYPE = YES_ERROR;
				GCC_WARN_UNDECLARED_SELECTOR = YES;
				GCC_WARN_UNINITIALIZED_AUTOS = YES_AGGRESSIVE;
				GCC_WARN_UNUSED_FUNCTION = YES;
				GCC_WARN_UNUSED_VARIABLE = YES;
				IPHONEOS_DEPLOYMENT_TARGET = 16.4;
				MTL_ENABLE_DEBUG_INFO = INCLUDE_SOURCE;
				MTL_FAST_MATH = YES;
				ONLY_ACTIVE_ARCH = YES;
				SDKROOT = iphoneos;
				SWIFT_ACTIVE_COMPILATION_CONDITIONS = DEBUG;
				SWIFT_OPTIMIZATION_LEVEL = "-Onone";
			};
			name = Debug;
		};
		A271A54E2AE02C1E0086CC20 /* Release */ = {
			isa = XCBuildConfiguration;
			buildSettings = {
				ALWAYS_SEARCH_USER_PATHS = NO;
				CLANG_ANALYZER_NONNULL = YES;
				CLANG_ANALYZER_NUMBER_OBJECT_CONVERSION = YES_AGGRESSIVE;
				CLANG_CXX_LANGUAGE_STANDARD = "gnu++20";
				CLANG_ENABLE_MODULES = YES;
				CLANG_ENABLE_OBJC_ARC = YES;
				CLANG_ENABLE_OBJC_WEAK = YES;
				CLANG_WARN_BLOCK_CAPTURE_AUTORELEASING = YES;
				CLANG_WARN_BOOL_CONVERSION = YES;
				CLANG_WARN_COMMA = YES;
				CLANG_WARN_CONSTANT_CONVERSION = YES;
				CLANG_WARN_DEPRECATED_OBJC_IMPLEMENTATIONS = YES;
				CLANG_WARN_DIRECT_OBJC_ISA_USAGE = YES_ERROR;
				CLANG_WARN_DOCUMENTATION_COMMENTS = YES;
				CLANG_WARN_EMPTY_BODY = YES;
				CLANG_WARN_ENUM_CONVERSION = YES;
				CLANG_WARN_INFINITE_RECURSION = YES;
				CLANG_WARN_INT_CONVERSION = YES;
				CLANG_WARN_NON_LITERAL_NULL_CONVERSION = YES;
				CLANG_WARN_OBJC_IMPLICIT_RETAIN_SELF = YES;
				CLANG_WARN_OBJC_LITERAL_CONVERSION = YES;
				CLANG_WARN_OBJC_ROOT_CLASS = YES_ERROR;
				CLANG_WARN_QUOTED_INCLUDE_IN_FRAMEWORK_HEADER = YES;
				CLANG_WARN_RANGE_LOOP_ANALYSIS = YES;
				CLANG_WARN_STRICT_PROTOTYPES = YES;
				CLANG_WARN_SUSPICIOUS_MOVE = YES;
				CLANG_WARN_UNGUARDED_AVAILABILITY = YES_AGGRESSIVE;
				CLANG_WARN_UNREACHABLE_CODE = YES;
				CLANG_WARN__DUPLICATE_METHOD_MATCH = YES;
				COPY_PHASE_STRIP = NO;
				DEBUG_INFORMATION_FORMAT = "dwarf-with-dsym";
				ENABLE_NS_ASSERTIONS = NO;
				ENABLE_STRICT_OBJC_MSGSEND = YES;
				GCC_C_LANGUAGE_STANDARD = gnu11;
				GCC_NO_COMMON_BLOCKS = YES;
				GCC_WARN_64_TO_32_BIT_CONVERSION = YES;
				GCC_WARN_ABOUT_RETURN_TYPE = YES_ERROR;
				GCC_WARN_UNDECLARED_SELECTOR = YES;
				GCC_WARN_UNINITIALIZED_AUTOS = YES_AGGRESSIVE;
				GCC_WARN_UNUSED_FUNCTION = YES;
				GCC_WARN_UNUSED_VARIABLE = YES;
				IPHONEOS_DEPLOYMENT_TARGET = 16.4;
				MTL_ENABLE_DEBUG_INFO = NO;
				MTL_FAST_MATH = YES;
				SDKROOT = iphoneos;
				SWIFT_COMPILATION_MODE = wholemodule;
				SWIFT_OPTIMIZATION_LEVEL = "-O";
				VALIDATE_PRODUCT = YES;
			};
			name = Release;
		};
		A271A5502AE02C1E0086CC20 /* Debug */ = {
			isa = XCBuildConfiguration;
			buildSettings = {
				ASSETCATALOG_COMPILER_APPICON_NAME = AppIcon;
				ASSETCATALOG_COMPILER_GLOBAL_ACCENT_COLOR_NAME = AccentColor;
				CODE_SIGN_STYLE = Automatic;
				CURRENT_PROJECT_VERSION = 1;
				GENERATE_INFOPLIST_FILE = YES;
				INFOPLIST_FILE = FilmApp/Info.plist;
				INFOPLIST_KEY_UIApplicationSupportsIndirectInputEvents = YES;
				INFOPLIST_KEY_UILaunchStoryboardName = LaunchScreen;
				INFOPLIST_KEY_UIMainStoryboardFile = Main;
				INFOPLIST_KEY_UISupportedInterfaceOrientations_iPad = "UIInterfaceOrientationPortrait UIInterfaceOrientationPortraitUpsideDown UIInterfaceOrientationLandscapeLeft UIInterfaceOrientationLandscapeRight";
				INFOPLIST_KEY_UISupportedInterfaceOrientations_iPhone = "UIInterfaceOrientationPortrait UIInterfaceOrientationLandscapeLeft UIInterfaceOrientationLandscapeRight";
				IPHONEOS_DEPLOYMENT_TARGET = 14.0;
				LD_RUNPATH_SEARCH_PATHS = (
					"$(inherited)",
					"@executable_path/Frameworks",
				);
				MARKETING_VERSION = 1.0;
				PRODUCT_BUNDLE_IDENTIFIER = Onuralpp.FilmApp;
				PRODUCT_NAME = "$(TARGET_NAME)";
				SWIFT_EMIT_LOC_STRINGS = YES;
				SWIFT_VERSION = 5.0;
				TARGETED_DEVICE_FAMILY = "1,2";
			};
			name = Debug;
		};
		A271A5512AE02C1E0086CC20 /* Release */ = {
			isa = XCBuildConfiguration;
			buildSettings = {
				ASSETCATALOG_COMPILER_APPICON_NAME = AppIcon;
				ASSETCATALOG_COMPILER_GLOBAL_ACCENT_COLOR_NAME = AccentColor;
				CODE_SIGN_STYLE = Automatic;
				CURRENT_PROJECT_VERSION = 1;
				GENERATE_INFOPLIST_FILE = YES;
				INFOPLIST_FILE = FilmApp/Info.plist;
				INFOPLIST_KEY_UIApplicationSupportsIndirectInputEvents = YES;
				INFOPLIST_KEY_UILaunchStoryboardName = LaunchScreen;
				INFOPLIST_KEY_UIMainStoryboardFile = Main;
				INFOPLIST_KEY_UISupportedInterfaceOrientations_iPad = "UIInterfaceOrientationPortrait UIInterfaceOrientationPortraitUpsideDown UIInterfaceOrientationLandscapeLeft UIInterfaceOrientationLandscapeRight";
				INFOPLIST_KEY_UISupportedInterfaceOrientations_iPhone = "UIInterfaceOrientationPortrait UIInterfaceOrientationLandscapeLeft UIInterfaceOrientationLandscapeRight";
				IPHONEOS_DEPLOYMENT_TARGET = 14.0;
				LD_RUNPATH_SEARCH_PATHS = (
					"$(inherited)",
					"@executable_path/Frameworks",
				);
				MARKETING_VERSION = 1.0;
				PRODUCT_BUNDLE_IDENTIFIER = Onuralpp.FilmApp;
				PRODUCT_NAME = "$(TARGET_NAME)";
				SWIFT_EMIT_LOC_STRINGS = YES;
				SWIFT_VERSION = 5.0;
				TARGETED_DEVICE_FAMILY = "1,2";
			};
			name = Release;
		};
/* End XCBuildConfiguration section */

/* Begin XCConfigurationList section */
		A271A5362AE02C1D0086CC20 /* Build configuration list for PBXProject "FilmApp" */ = {
			isa = XCConfigurationList;
			buildConfigurations = (
				A271A54D2AE02C1E0086CC20 /* Debug */,
				A271A54E2AE02C1E0086CC20 /* Release */,
			);
			defaultConfigurationIsVisible = 0;
			defaultConfigurationName = Release;
		};
		A271A54F2AE02C1E0086CC20 /* Build configuration list for PBXNativeTarget "FilmApp" */ = {
			isa = XCConfigurationList;
			buildConfigurations = (
				A271A5502AE02C1E0086CC20 /* Debug */,
				A271A5512AE02C1E0086CC20 /* Release */,
			);
			defaultConfigurationIsVisible = 0;
			defaultConfigurationName = Release;
		};
/* End XCConfigurationList section */

/* Begin XCRemoteSwiftPackageReference section */
		A271A5682AE031760086CC20 /* XCRemoteSwiftPackageReference "Alamofire" */ = {
			isa = XCRemoteSwiftPackageReference;
			repositoryURL = "https://github.com/Alamofire/Alamofire";
			requirement = {
				kind = upToNextMajorVersion;
				minimumVersion = 5.0.0;
			};
		};
/* End XCRemoteSwiftPackageReference section */

/* Begin XCSwiftPackageProductDependency section */
		A271A5692AE031760086CC20 /* Alamofire */ = {
			isa = XCSwiftPackageProductDependency;
			package = A271A5682AE031760086CC20 /* XCRemoteSwiftPackageReference "Alamofire" */;
			productName = Alamofire;
		};
/* End XCSwiftPackageProductDependency section */
	};
	rootObject = A271A5332AE02C1D0086CC20 /* Project object */;
}
