// !$*UTF8*$!
{
	archiveVersion = 1;
	classes = {
	};
	objectVersion = 56;
	objects = {

/* Begin PBXBuildFile section */
		A22E915C2AE69DA3007E9DD5 /* DetailsCollectionViewCell.swift in Sources */ = {isa = PBXBuildFile; fileRef = A22E915A2AE69DA3007E9DD5 /* DetailsCollectionViewCell.swift */; };
		A22E915D2AE69DA3007E9DD5 /* DetailsCollectionViewCell.xib in Resources */ = {isa = PBXBuildFile; fileRef = A22E915B2AE69DA3007E9DD5 /* DetailsCollectionViewCell.xib */; };
		A22E91652AE708E1007E9DD5 /* AnalyticsHelper.swift in Sources */ = {isa = PBXBuildFile; fileRef = A22E91642AE708E1007E9DD5 /* AnalyticsHelper.swift */; };
		A231D2B52AE827770093234B /* lottie.json in Resources */ = {isa = PBXBuildFile; fileRef = A231D2B42AE827770093234B /* lottie.json */; };
		A231D2B82AE828250093234B /* Lottie in Frameworks */ = {isa = PBXBuildFile; productRef = A231D2B72AE828250093234B /* Lottie */; };
		A23E51CE2AE07A6200A4F61D /* HomeVC.swift in Sources */ = {isa = PBXBuildFile; fileRef = A23E51CD2AE07A6200A4F61D /* HomeVC.swift */; };
		A265FA762AE1593F0084451E /* SDWebImage in Frameworks */ = {isa = PBXBuildFile; productRef = A265FA752AE1593F0084451E /* SDWebImage */; };
		A265FA792AE1597A0084451E /* SDWebImageHelper.swift in Sources */ = {isa = PBXBuildFile; fileRef = A265FA782AE1597A0084451E /* SDWebImageHelper.swift */; };
		A271A53F2AE02C1D0086CC20 /* AppDelegate.swift in Sources */ = {isa = PBXBuildFile; fileRef = A271A53E2AE02C1D0086CC20 /* AppDelegate.swift */; };
		A271A5412AE02C1D0086CC20 /* SceneDelegate.swift in Sources */ = {isa = PBXBuildFile; fileRef = A271A5402AE02C1D0086CC20 /* SceneDelegate.swift */; };
		A271A5432AE02C1D0086CC20 /* SplashVC.swift in Sources */ = {isa = PBXBuildFile; fileRef = A271A5422AE02C1D0086CC20 /* SplashVC.swift */; };
		A271A5462AE02C1D0086CC20 /* Main.storyboard in Resources */ = {isa = PBXBuildFile; fileRef = A271A5442AE02C1D0086CC20 /* Main.storyboard */; };
		A271A5482AE02C1E0086CC20 /* Assets.xcassets in Resources */ = {isa = PBXBuildFile; fileRef = A271A5472AE02C1E0086CC20 /* Assets.xcassets */; };
		A271A54B2AE02C1E0086CC20 /* LaunchScreen.storyboard in Resources */ = {isa = PBXBuildFile; fileRef = A271A5492AE02C1E0086CC20 /* LaunchScreen.storyboard */; };
		A271A55E2AE02DA20086CC20 /* SplashVM.swift in Sources */ = {isa = PBXBuildFile; fileRef = A271A55D2AE02DA20086CC20 /* SplashVM.swift */; };
		A271A5612AE030F20086CC20 /* ApiClientError.swift in Sources */ = {isa = PBXBuildFile; fileRef = A271A5602AE030F20086CC20 /* ApiClientError.swift */; };
		A271A5632AE031030086CC20 /* ApiConstant.swift in Sources */ = {isa = PBXBuildFile; fileRef = A271A5622AE031030086CC20 /* ApiConstant.swift */; };
		A271A5652AE031200086CC20 /* EndPoint.swift in Sources */ = {isa = PBXBuildFile; fileRef = A271A5642AE031200086CC20 /* EndPoint.swift */; };
		A271A5672AE0312A0086CC20 /* NetworkManager.swift in Sources */ = {isa = PBXBuildFile; fileRef = A271A5662AE0312A0086CC20 /* NetworkManager.swift */; };
		A271A56A2AE031760086CC20 /* Alamofire in Frameworks */ = {isa = PBXBuildFile; productRef = A271A5692AE031760086CC20 /* Alamofire */; };
		A282E0E32AE039B900E0938A /* HomeVM.swift in Sources */ = {isa = PBXBuildFile; fileRef = A282E0E22AE039B900E0938A /* HomeVM.swift */; };
		A282E0E62AE03B7C00E0938A /* BaseVC.swift in Sources */ = {isa = PBXBuildFile; fileRef = A282E0E52AE03B7C00E0938A /* BaseVC.swift */; };
		A2941C312AE2A12B00428E4B /* HomeCollectionViewCell.swift in Sources */ = {isa = PBXBuildFile; fileRef = A2941C2F2AE2A12B00428E4B /* HomeCollectionViewCell.swift */; };
		A2941C322AE2A12B00428E4B /* HomeCollectionViewCell.xib in Resources */ = {isa = PBXBuildFile; fileRef = A2941C302AE2A12B00428E4B /* HomeCollectionViewCell.xib */; };
		A2941C362AE2CDC500428E4B /* DetailsVC.swift in Sources */ = {isa = PBXBuildFile; fileRef = A2941C352AE2CDC500428E4B /* DetailsVC.swift */; };
		A2941C382AE2CDF200428E4B /* DetailsVM.swift in Sources */ = {isa = PBXBuildFile; fileRef = A2941C372AE2CDF200428E4B /* DetailsVM.swift */; };
		A2941C3B2AE2D6E800428E4B /* DetailsModel.swift in Sources */ = {isa = PBXBuildFile; fileRef = A2941C3A2AE2D6E800428E4B /* DetailsModel.swift */; };
		A2941C3E2AE2D95F00428E4B /* DetailsEndPointItem.swift in Sources */ = {isa = PBXBuildFile; fileRef = A2941C3D2AE2D95F00428E4B /* DetailsEndPointItem.swift */; };
		A2A321722AE13BBC00EB7AAD /* HomeEndPointItem.swift in Sources */ = {isa = PBXBuildFile; fileRef = A2A321712AE13BBC00EB7AAD /* HomeEndPointItem.swift */; };
		A2A321742AE13C8F00EB7AAD /* HomeModel.swift in Sources */ = {isa = PBXBuildFile; fileRef = A2A321732AE13C8F00EB7AAD /* HomeModel.swift */; };
		A2C6CCFC2AE82F2800D7A7C0 /* FirebaseAnalytics in Frameworks */ = {isa = PBXBuildFile; productRef = A2C6CCFB2AE82F2800D7A7C0 /* FirebaseAnalytics */; };
		A2C6CCFE2AE82F2800D7A7C0 /* FirebaseMessaging in Frameworks */ = {isa = PBXBuildFile; productRef = A2C6CCFD2AE82F2800D7A7C0 /* FirebaseMessaging */; };
		A2C6CD002AE82F2800D7A7C0 /* FirebaseRemoteConfig in Frameworks */ = {isa = PBXBuildFile; productRef = A2C6CCFF2AE82F2800D7A7C0 /* FirebaseRemoteConfig */; };
		A2C6CD022AE8344600D7A7C0 /* RemoteConfigHelper.swift in Sources */ = {isa = PBXBuildFile; fileRef = A2C6CD012AE8344600D7A7C0 /* RemoteConfigHelper.swift */; };
		A2C6CD042AE83BAE00D7A7C0 /* MainConstants.swift in Sources */ = {isa = PBXBuildFile; fileRef = A2C6CD032AE83BAE00D7A7C0 /* MainConstants.swift */; };
		A2C9CEA22AE719F400DAD354 /* GoogleService-Info.plist in Resources */ = {isa = PBXBuildFile; fileRef = A2C9CEA12AE719F400DAD354 /* GoogleService-Info.plist */; };
/* End PBXBuildFile section */

/* Begin PBXFileReference section */
		A22E915A2AE69DA3007E9DD5 /* DetailsCollectionViewCell.swift */ = {isa = PBXFileReference; lastKnownFileType = sourcecode.swift; path = DetailsCollectionViewCell.swift; sourceTree = "<group>"; };
		A22E915B2AE69DA3007E9DD5 /* DetailsCollectionViewCell.xib */ = {isa = PBXFileReference; lastKnownFileType = file.xib; path = DetailsCollectionViewCell.xib; sourceTree = "<group>"; };
		A22E91642AE708E1007E9DD5 /* AnalyticsHelper.swift */ = {isa = PBXFileReference; lastKnownFileType = sourcecode.swift; path = AnalyticsHelper.swift; sourceTree = "<group>"; };
		A231D2B22AE7E4440093234B /* FilmApp.entitlements */ = {isa = PBXFileReference; lastKnownFileType = text.plist.entitlements; path = FilmApp.entitlements; sourceTree = "<group>"; };
		A231D2B42AE827770093234B /* lottie.json */ = {isa = PBXFileReference; fileEncoding = 4; lastKnownFileType = text.json; path = lottie.json; sourceTree = "<group>"; };
		A23E51CD2AE07A6200A4F61D /* HomeVC.swift */ = {isa = PBXFileReference; lastKnownFileType = sourcecode.swift; path = HomeVC.swift; sourceTree = "<group>"; };
		A265FA782AE1597A0084451E /* SDWebImageHelper.swift */ = {isa = PBXFileReference; lastKnownFileType = sourcecode.swift; path = SDWebImageHelper.swift; sourceTree = "<group>"; };
		A271A53B2AE02C1D0086CC20 /* FilmApp.app */ = {isa = PBXFileReference; explicitFileType = wrapper.application; includeInIndex = 0; path = FilmApp.app; sourceTree = BUILT_PRODUCTS_DIR; };
		A271A53E2AE02C1D0086CC20 /* AppDelegate.swift */ = {isa = PBXFileReference; lastKnownFileType = sourcecode.swift; path = AppDelegate.swift; sourceTree = "<group>"; };
		A271A5402AE02C1D0086CC20 /* SceneDelegate.swift */ = {isa = PBXFileReference; lastKnownFileType = sourcecode.swift; path = SceneDelegate.swift; sourceTree = "<group>"; };
		A271A5422AE02C1D0086CC20 /* SplashVC.swift */ = {isa = PBXFileReference; lastKnownFileType = sourcecode.swift; path = SplashVC.swift; sourceTree = "<group>"; };
		A271A5452AE02C1D0086CC20 /* Base */ = {isa = PBXFileReference; lastKnownFileType = file.storyboard; name = Base; path = Base.lproj/Main.storyboard; sourceTree = "<group>"; };
		A271A5472AE02C1E0086CC20 /* Assets.xcassets */ = {isa = PBXFileReference; lastKnownFileType = folder.assetcatalog; path = Assets.xcassets; sourceTree = "<group>"; };
		A271A54A2AE02C1E0086CC20 /* Base */ = {isa = PBXFileReference; lastKnownFileType = file.storyboard; name = Base; path = Base.lproj/LaunchScreen.storyboard; sourceTree = "<group>"; };
		A271A54C2AE02C1E0086CC20 /* Info.plist */ = {isa = PBXFileReference; lastKnownFileType = text.plist.xml; path = Info.plist; sourceTree = "<group>"; };
		A271A55D2AE02DA20086CC20 /* SplashVM.swift */ = {isa = PBXFileReference; lastKnownFileType = sourcecode.swift; path = SplashVM.swift; sourceTree = "<group>"; };
		A271A5602AE030F20086CC20 /* ApiClientError.swift */ = {isa = PBXFileReference; lastKnownFileType = sourcecode.swift; path = ApiClientError.swift; sourceTree = "<group>"; };
		A271A5622AE031030086CC20 /* ApiConstant.swift */ = {isa = PBXFileReference; lastKnownFileType = sourcecode.swift; path = ApiConstant.swift; sourceTree = "<group>"; };
		A271A5642AE031200086CC20 /* EndPoint.swift */ = {isa = PBXFileReference; lastKnownFileType = sourcecode.swift; path = EndPoint.swift; sourceTree = "<group>"; };
		A271A5662AE0312A0086CC20 /* NetworkManager.swift */ = {isa = PBXFileReference; lastKnownFileType = sourcecode.swift; path = NetworkManager.swift; sourceTree = "<group>"; };
		A282E0E22AE039B900E0938A /* HomeVM.swift */ = {isa = PBXFileReference; lastKnownFileType = sourcecode.swift; path = HomeVM.swift; sourceTree = "<group>"; };
		A282E0E52AE03B7C00E0938A /* BaseVC.swift */ = {isa = PBXFileReference; lastKnownFileType = sourcecode.swift; path = BaseVC.swift; sourceTree = "<group>"; };
		A2941C2F2AE2A12B00428E4B /* HomeCollectionViewCell.swift */ = {isa = PBXFileReference; lastKnownFileType = sourcecode.swift; path = HomeCollectionViewCell.swift; sourceTree = "<group>"; };
		A2941C302AE2A12B00428E4B /* HomeCollectionViewCell.xib */ = {isa = PBXFileReference; lastKnownFileType = file.xib; path = HomeCollectionViewCell.xib; sourceTree = "<group>"; };
		A2941C352AE2CDC500428E4B /* DetailsVC.swift */ = {isa = PBXFileReference; lastKnownFileType = sourcecode.swift; path = DetailsVC.swift; sourceTree = "<group>"; };
		A2941C372AE2CDF200428E4B /* DetailsVM.swift */ = {isa = PBXFileReference; lastKnownFileType = sourcecode.swift; path = DetailsVM.swift; sourceTree = "<group>"; };
		A2941C3A2AE2D6E800428E4B /* DetailsModel.swift */ = {isa = PBXFileReference; lastKnownFileType = sourcecode.swift; path = DetailsModel.swift; sourceTree = "<group>"; };
		A2941C3D2AE2D95F00428E4B /* DetailsEndPointItem.swift */ = {isa = PBXFileReference; lastKnownFileType = sourcecode.swift; path = DetailsEndPointItem.swift; sourceTree = "<group>"; };
		A2A321712AE13BBC00EB7AAD /* HomeEndPointItem.swift */ = {isa = PBXFileReference; lastKnownFileType = sourcecode.swift; path = HomeEndPointItem.swift; sourceTree = "<group>"; };
		A2A321732AE13C8F00EB7AAD /* HomeModel.swift */ = {isa = PBXFileReference; lastKnownFileType = sourcecode.swift; path = HomeModel.swift; sourceTree = "<group>"; };
		A2C6CD012AE8344600D7A7C0 /* RemoteConfigHelper.swift */ = {isa = PBXFileReference; lastKnownFileType = sourcecode.swift; path = RemoteConfigHelper.swift; sourceTree = "<group>"; };
		A2C6CD032AE83BAE00D7A7C0 /* MainConstants.swift */ = {isa = PBXFileReference; lastKnownFileType = sourcecode.swift; path = MainConstants.swift; sourceTree = "<group>"; };
		A2C9CEA12AE719F400DAD354 /* GoogleService-Info.plist */ = {isa = PBXFileReference; fileEncoding = 4; lastKnownFileType = text.plist.xml; path = "GoogleService-Info.plist"; sourceTree = "<group>"; };
/* End PBXFileReference section */

/* Begin PBXFrameworksBuildPhase section */
		A271A5382AE02C1D0086CC20 /* Frameworks */ = {
			isa = PBXFrameworksBuildPhase;
			buildActionMask = 2147483647;
			files = (
				A231D2B82AE828250093234B /* Lottie in Frameworks */,
				A265FA762AE1593F0084451E /* SDWebImage in Frameworks */,
				A2C6CCFE2AE82F2800D7A7C0 /* FirebaseMessaging in Frameworks */,
				A2C6CD002AE82F2800D7A7C0 /* FirebaseRemoteConfig in Frameworks */,
				A2C6CCFC2AE82F2800D7A7C0 /* FirebaseAnalytics in Frameworks */,
				A271A56A2AE031760086CC20 /* Alamofire in Frameworks */,
			);
			runOnlyForDeploymentPostprocessing = 0;
		};
/* End PBXFrameworksBuildPhase section */

/* Begin PBXGroup section */
		A231D2B32AE8276A0093234B /* Lottie */ = {
			isa = PBXGroup;
			children = (
				A231D2B42AE827770093234B /* lottie.json */,
			);
			path = Lottie;
			sourceTree = "<group>";
		};
		A265FA772AE159680084451E /* Helper */ = {
			isa = PBXGroup;
			children = (
				A265FA782AE1597A0084451E /* SDWebImageHelper.swift */,
				A22E91642AE708E1007E9DD5 /* AnalyticsHelper.swift */,
				A2C6CD012AE8344600D7A7C0 /* RemoteConfigHelper.swift */,
				A2C6CD032AE83BAE00D7A7C0 /* MainConstants.swift */,
			);
			path = Helper;
			sourceTree = "<group>";
		};
		A271A5322AE02C1D0086CC20 = {
			isa = PBXGroup;
			children = (
				A271A53D2AE02C1D0086CC20 /* FilmApp */,
				A271A53C2AE02C1D0086CC20 /* Products */,
			);
			sourceTree = "<group>";
		};
		A271A53C2AE02C1D0086CC20 /* Products */ = {
			isa = PBXGroup;
			children = (
				A271A53B2AE02C1D0086CC20 /* FilmApp.app */,
			);
			name = Products;
			sourceTree = "<group>";
		};
		A271A53D2AE02C1D0086CC20 /* FilmApp */ = {
			isa = PBXGroup;
			children = (
				A231D2B32AE8276A0093234B /* Lottie */,
				A231D2B22AE7E4440093234B /* FilmApp.entitlements */,
				A265FA772AE159680084451E /* Helper */,
				A271A54C2AE02C1E0086CC20 /* Info.plist */,
				A2C9CEA12AE719F400DAD354 /* GoogleService-Info.plist */,
				A282E0E42AE03B6100E0938A /* Base */,
				A271A55F2AE030D20086CC20 /* Network */,
				A271A5532AE02C370086CC20 /* Scenes */,
				A271A5522AE02C260086CC20 /* Core */,
			);
			path = FilmApp;
			sourceTree = "<group>";
		};
		A271A5522AE02C260086CC20 /* Core */ = {
			isa = PBXGroup;
			children = (
				A271A5492AE02C1E0086CC20 /* LaunchScreen.storyboard */,
				A271A53E2AE02C1D0086CC20 /* AppDelegate.swift */,
				A271A5472AE02C1E0086CC20 /* Assets.xcassets */,
				A271A5442AE02C1D0086CC20 /* Main.storyboard */,
				A271A5402AE02C1D0086CC20 /* SceneDelegate.swift */,
			);
			path = Core;
			sourceTree = "<group>";
		};
		A271A5532AE02C370086CC20 /* Scenes */ = {
			isa = PBXGroup;
			children = (
				A271A5562AE02C640086CC20 /* Details */,
				A271A5552AE02C550086CC20 /* Home */,
				A271A5542AE02C4E0086CC20 /* Splash */,
			);
			path = Scenes;
			sourceTree = "<group>";
		};
		A271A5542AE02C4E0086CC20 /* Splash */ = {
			isa = PBXGroup;
			children = (
				A271A5572AE02C7C0086CC20 /* View */,
				A271A5592AE02C860086CC20 /* ViewModel */,
			);
			name = Splash;
			sourceTree = "<group>";
		};
		A271A5552AE02C550086CC20 /* Home */ = {
			isa = PBXGroup;
			children = (
				A2A321702AE13B7200EB7AAD /* EndPointItem */,
				A271A55C2AE02CD30086CC20 /* ViewModel */,
				A271A55B2AE02CCE0086CC20 /* View */,
				A271A55A2AE02CC90086CC20 /* Model */,
			);
			name = Home;
			sourceTree = "<group>";
		};
		A271A5562AE02C640086CC20 /* Details */ = {
			isa = PBXGroup;
			children = (
				A2941C3C2AE2D93100428E4B /* EndPointItem */,
				A2941C392AE2D6D900428E4B /* Model */,
				A2941C342AE2CDB500428E4B /* ViewModel */,
				A2941C332AE2CDAF00428E4B /* View */,
			);
			name = Details;
			sourceTree = "<group>";
		};
		A271A5572AE02C7C0086CC20 /* View */ = {
			isa = PBXGroup;
			children = (
				A271A5422AE02C1D0086CC20 /* SplashVC.swift */,
			);
			name = View;
			sourceTree = "<group>";
		};
		A271A5592AE02C860086CC20 /* ViewModel */ = {
			isa = PBXGroup;
			children = (
				A271A55D2AE02DA20086CC20 /* SplashVM.swift */,
			);
			name = ViewModel;
			sourceTree = "<group>";
		};
		A271A55A2AE02CC90086CC20 /* Model */ = {
			isa = PBXGroup;
			children = (
				A2A321732AE13C8F00EB7AAD /* HomeModel.swift */,
			);
			name = Model;
			sourceTree = "<group>";
		};
		A271A55B2AE02CCE0086CC20 /* View */ = {
			isa = PBXGroup;
			children = (
				A23E51CD2AE07A6200A4F61D /* HomeVC.swift */,
				A2941C2F2AE2A12B00428E4B /* HomeCollectionViewCell.swift */,
				A2941C302AE2A12B00428E4B /* HomeCollectionViewCell.xib */,
			);
			name = View;
			sourceTree = "<group>";
		};
		A271A55C2AE02CD30086CC20 /* ViewModel */ = {
			isa = PBXGroup;
			children = (
				A282E0E22AE039B900E0938A /* HomeVM.swift */,
			);
			name = ViewModel;
			sourceTree = "<group>";
		};
		A271A55F2AE030D20086CC20 /* Network */ = {
			isa = PBXGroup;
			children = (
				A271A5602AE030F20086CC20 /* ApiClientError.swift */,
				A271A5622AE031030086CC20 /* ApiConstant.swift */,
				A271A5642AE031200086CC20 /* EndPoint.swift */,
				A271A5662AE0312A0086CC20 /* NetworkManager.swift */,
			);
			path = Network;
			sourceTree = "<group>";
		};
		A282E0E42AE03B6100E0938A /* Base */ = {
			isa = PBXGroup;
			children = (
				A282E0E52AE03B7C00E0938A /* BaseVC.swift */,
			);
			path = Base;
			sourceTree = "<group>";
		};
		A2941C332AE2CDAF00428E4B /* View */ = {
			isa = PBXGroup;
			children = (
				A2941C352AE2CDC500428E4B /* DetailsVC.swift */,
				A22E915A2AE69DA3007E9DD5 /* DetailsCollectionViewCell.swift */,
				A22E915B2AE69DA3007E9DD5 /* DetailsCollectionViewCell.xib */,
			);
			name = View;
			sourceTree = "<group>";
		};
		A2941C342AE2CDB500428E4B /* ViewModel */ = {
			isa = PBXGroup;
			children = (
				A2941C372AE2CDF200428E4B /* DetailsVM.swift */,
			);
			name = ViewModel;
			sourceTree = "<group>";
		};
		A2941C392AE2D6D900428E4B /* Model */ = {
			isa = PBXGroup;
			children = (
				A2941C3A2AE2D6E800428E4B /* DetailsModel.swift */,
			);
			name = Model;
			sourceTree = "<group>";
		};
		A2941C3C2AE2D93100428E4B /* EndPointItem */ = {
			isa = PBXGroup;
			children = (
				A2941C3D2AE2D95F00428E4B /* DetailsEndPointItem.swift */,
			);
			name = EndPointItem;
			sourceTree = "<group>";
		};
		A2A321702AE13B7200EB7AAD /* EndPointItem */ = {
			isa = PBXGroup;
			children = (
				A2A321712AE13BBC00EB7AAD /* HomeEndPointItem.swift */,
			);
			name = EndPointItem;
			sourceTree = "<group>";
		};
/* End PBXGroup section */

/* Begin PBXNativeTarget section */
		A271A53A2AE02C1D0086CC20 /* FilmApp */ = {
			isa = PBXNativeTarget;
			buildConfigurationList = A271A54F2AE02C1E0086CC20 /* Build configuration list for PBXNativeTarget "FilmApp" */;
			buildPhases = (
				A271A5372AE02C1D0086CC20 /* Sources */,
				A271A5382AE02C1D0086CC20 /* Frameworks */,
				A271A5392AE02C1D0086CC20 /* Resources */,
			);
			buildRules = (
			);
			dependencies = (
			);
			name = FilmApp;
			packageProductDependencies = (
				A271A5692AE031760086CC20 /* Alamofire */,
				A265FA752AE1593F0084451E /* SDWebImage */,
				A231D2B72AE828250093234B /* Lottie */,
				A2C6CCFB2AE82F2800D7A7C0 /* FirebaseAnalytics */,
				A2C6CCFD2AE82F2800D7A7C0 /* FirebaseMessaging */,
				A2C6CCFF2AE82F2800D7A7C0 /* FirebaseRemoteConfig */,
			);
			productName = FilmApp;
			productReference = A271A53B2AE02C1D0086CC20 /* FilmApp.app */;
			productType = "com.apple.product-type.application";
		};
/* End PBXNativeTarget section */

/* Begin PBXProject section */
		A271A5332AE02C1D0086CC20 /* Project object */ = {
			isa = PBXProject;
			attributes = {
				BuildIndependentTargetsInParallel = 1;
				LastSwiftUpdateCheck = 1430;
				LastUpgradeCheck = 1430;
				TargetAttributes = {
					A271A53A2AE02C1D0086CC20 = {
						CreatedOnToolsVersion = 14.3.1;
					};
				};
			};
			buildConfigurationList = A271A5362AE02C1D0086CC20 /* Build configuration list for PBXProject "FilmApp" */;
			compatibilityVersion = "Xcode 14.0";
			developmentRegion = en;
			hasScannedForEncodings = 0;
			knownRegions = (
				en,
				Base,
			);
			mainGroup = A271A5322AE02C1D0086CC20;
			packageReferences = (
				A271A5682AE031760086CC20 /* XCRemoteSwiftPackageReference "Alamofire" */,
				A265FA742AE1593E0084451E /* XCRemoteSwiftPackageReference "SDWebImage" */,
				A231D2B62AE828250093234B /* XCRemoteSwiftPackageReference "lottie-ios" */,
				A2C6CCFA2AE82F2800D7A7C0 /* XCRemoteSwiftPackageReference "firebase-ios-sdk" */,
			);
			productRefGroup = A271A53C2AE02C1D0086CC20 /* Products */;
			projectDirPath = "";
			projectRoot = "";
			targets = (
				A271A53A2AE02C1D0086CC20 /* FilmApp */,
			);
		};
/* End PBXProject section */

/* Begin PBXResourcesBuildPhase section */
		A271A5392AE02C1D0086CC20 /* Resources */ = {
			isa = PBXResourcesBuildPhase;
			buildActionMask = 2147483647;
			files = (
				A2941C322AE2A12B00428E4B /* HomeCollectionViewCell.xib in Resources */,
				A271A54B2AE02C1E0086CC20 /* LaunchScreen.storyboard in Resources */,
				A22E915D2AE69DA3007E9DD5 /* DetailsCollectionViewCell.xib in Resources */,
				A271A5482AE02C1E0086CC20 /* Assets.xcassets in Resources */,
				A271A5462AE02C1D0086CC20 /* Main.storyboard in Resources */,
				A231D2B52AE827770093234B /* lottie.json in Resources */,
				A2C9CEA22AE719F400DAD354 /* GoogleService-Info.plist in Resources */,
			);
			runOnlyForDeploymentPostprocessing = 0;
		};
/* End PBXResourcesBuildPhase section */

/* Begin PBXSourcesBuildPhase section */
		A271A5372AE02C1D0086CC20 /* Sources */ = {
			isa = PBXSourcesBuildPhase;
			buildActionMask = 2147483647;
			files = (
				A2941C382AE2CDF200428E4B /* DetailsVM.swift in Sources */,
				A271A5632AE031030086CC20 /* ApiConstant.swift in Sources */,
				A265FA792AE1597A0084451E /* SDWebImageHelper.swift in Sources */,
				A282E0E32AE039B900E0938A /* HomeVM.swift in Sources */,
				A2941C3E2AE2D95F00428E4B /* DetailsEndPointItem.swift in Sources */,
				A271A5612AE030F20086CC20 /* ApiClientError.swift in Sources */,
				A271A5432AE02C1D0086CC20 /* SplashVC.swift in Sources */,
				A271A53F2AE02C1D0086CC20 /* AppDelegate.swift in Sources */,
				A2941C312AE2A12B00428E4B /* HomeCollectionViewCell.swift in Sources */,
				A271A5672AE0312A0086CC20 /* NetworkManager.swift in Sources */,
				A2C6CD042AE83BAE00D7A7C0 /* MainConstants.swift in Sources */,
				A2A321722AE13BBC00EB7AAD /* HomeEndPointItem.swift in Sources */,
				A2941C3B2AE2D6E800428E4B /* DetailsModel.swift in Sources */,
				A2941C362AE2CDC500428E4B /* DetailsVC.swift in Sources */,
				A22E915C2AE69DA3007E9DD5 /* DetailsCollectionViewCell.swift in Sources */,
				A271A5412AE02C1D0086CC20 /* SceneDelegate.swift in Sources */,
				A22E91652AE708E1007E9DD5 /* AnalyticsHelper.swift in Sources */,
				A271A5652AE031200086CC20 /* EndPoint.swift in Sources */,
				A2C6CD022AE8344600D7A7C0 /* RemoteConfigHelper.swift in Sources */,
				A2A321742AE13C8F00EB7AAD /* HomeModel.swift in Sources */,
				A282E0E62AE03B7C00E0938A /* BaseVC.swift in Sources */,
				A23E51CE2AE07A6200A4F61D /* HomeVC.swift in Sources */,
				A271A55E2AE02DA20086CC20 /* SplashVM.swift in Sources */,
			);
			runOnlyForDeploymentPostprocessing = 0;
		};
/* End PBXSourcesBuildPhase section */

/* Begin PBXVariantGroup section */
		A271A5442AE02C1D0086CC20 /* Main.storyboard */ = {
			isa = PBXVariantGroup;
			children = (
				A271A5452AE02C1D0086CC20 /* Base */,
			);
			name = Main.storyboard;
			sourceTree = "<group>";
		};
		A271A5492AE02C1E0086CC20 /* LaunchScreen.storyboard */ = {
			isa = PBXVariantGroup;
			children = (
				A271A54A2AE02C1E0086CC20 /* Base */,
			);
			name = LaunchScreen.storyboard;
			sourceTree = "<group>";
		};
/* End PBXVariantGroup section */

/* Begin XCBuildConfiguration section */
		A271A54D2AE02C1E0086CC20 /* Debug */ = {
			isa = XCBuildConfiguration;
			buildSettings = {
				ALWAYS_SEARCH_USER_PATHS = NO;
				CLANG_ANALYZER_NONNULL = YES;
				CLANG_ANALYZER_NUMBER_OBJECT_CONVERSION = YES_AGGRESSIVE;
				CLANG_CXX_LANGUAGE_STANDARD = "gnu++20";
				CLANG_ENABLE_MODULES = YES;
				CLANG_ENABLE_OBJC_ARC = YES;
				CLANG_ENABLE_OBJC_WEAK = YES;
				CLANG_WARN_BLOCK_CAPTURE_AUTORELEASING = YES;
				CLANG_WARN_BOOL_CONVERSION = YES;
				CLANG_WARN_COMMA = YES;
				CLANG_WARN_CONSTANT_CONVERSION = YES;
				CLANG_WARN_DEPRECATED_OBJC_IMPLEMENTATIONS = YES;
				CLANG_WARN_DIRECT_OBJC_ISA_USAGE = YES_ERROR;
				CLANG_WARN_DOCUMENTATION_COMMENTS = YES;
				CLANG_WARN_EMPTY_BODY = YES;
				CLANG_WARN_ENUM_CONVERSION = YES;
				CLANG_WARN_INFINITE_RECURSION = YES;
				CLANG_WARN_INT_CONVERSION = YES;
				CLANG_WARN_NON_LITERAL_NULL_CONVERSION = YES;
				CLANG_WARN_OBJC_IMPLICIT_RETAIN_SELF = YES;
				CLANG_WARN_OBJC_LITERAL_CONVERSION = YES;
				CLANG_WARN_OBJC_ROOT_CLASS = YES_ERROR;
				CLANG_WARN_QUOTED_INCLUDE_IN_FRAMEWORK_HEADER = YES;
				CLANG_WARN_RANGE_LOOP_ANALYSIS = YES;
				CLANG_WARN_STRICT_PROTOTYPES = YES;
				CLANG_WARN_SUSPICIOUS_MOVE = YES;
				CLANG_WARN_UNGUARDED_AVAILABILITY = YES_AGGRESSIVE;
				CLANG_WARN_UNREACHABLE_CODE = YES;
				CLANG_WARN__DUPLICATE_METHOD_MATCH = YES;
				COPY_PHASE_STRIP = NO;
				DEBUG_INFORMATION_FORMAT = dwarf;
				ENABLE_STRICT_OBJC_MSGSEND = YES;
				ENABLE_TESTABILITY = YES;
				GCC_C_LANGUAGE_STANDARD = gnu11;
				GCC_DYNAMIC_NO_PIC = NO;
				GCC_NO_COMMON_BLOCKS = YES;
				GCC_OPTIMIZATION_LEVEL = 0;
				GCC_PREPROCESSOR_DEFINITIONS = (
					"DEBUG=1",
					"$(inherited)",
				);
				GCC_WARN_64_TO_32_BIT_CONVERSION = YES;
				GCC_WARN_ABOUT_RETURN_TYPE = YES_ERROR;
				GCC_WARN_UNDECLARED_SELECTOR = YES;
				GCC_WARN_UNINITIALIZED_AUTOS = YES_AGGRESSIVE;
				GCC_WARN_UNUSED_FUNCTION = YES;
				GCC_WARN_UNUSED_VARIABLE = YES;
				IPHONEOS_DEPLOYMENT_TARGET = 16.4;
				MTL_ENABLE_DEBUG_INFO = INCLUDE_SOURCE;
				MTL_FAST_MATH = YES;
				ONLY_ACTIVE_ARCH = YES;
				SDKROOT = iphoneos;
				SWIFT_ACTIVE_COMPILATION_CONDITIONS = DEBUG;
				SWIFT_OPTIMIZATION_LEVEL = "-Onone";
			};
			name = Debug;
		};
		A271A54E2AE02C1E0086CC20 /* Release */ = {
			isa = XCBuildConfiguration;
			buildSettings = {
				ALWAYS_SEARCH_USER_PATHS = NO;
				CLANG_ANALYZER_NONNULL = YES;
				CLANG_ANALYZER_NUMBER_OBJECT_CONVERSION = YES_AGGRESSIVE;
				CLANG_CXX_LANGUAGE_STANDARD = "gnu++20";
				CLANG_ENABLE_MODULES = YES;
				CLANG_ENABLE_OBJC_ARC = YES;
				CLANG_ENABLE_OBJC_WEAK = YES;
				CLANG_WARN_BLOCK_CAPTURE_AUTORELEASING = YES;
				CLANG_WARN_BOOL_CONVERSION = YES;
				CLANG_WARN_COMMA = YES;
				CLANG_WARN_CONSTANT_CONVERSION = YES;
				CLANG_WARN_DEPRECATED_OBJC_IMPLEMENTATIONS = YES;
				CLANG_WARN_DIRECT_OBJC_ISA_USAGE = YES_ERROR;
				CLANG_WARN_DOCUMENTATION_COMMENTS = YES;
				CLANG_WARN_EMPTY_BODY = YES;
				CLANG_WARN_ENUM_CONVERSION = YES;
				CLANG_WARN_INFINITE_RECURSION = YES;
				CLANG_WARN_INT_CONVERSION = YES;
				CLANG_WARN_NON_LITERAL_NULL_CONVERSION = YES;
				CLANG_WARN_OBJC_IMPLICIT_RETAIN_SELF = YES;
				CLANG_WARN_OBJC_LITERAL_CONVERSION = YES;
				CLANG_WARN_OBJC_ROOT_CLASS = YES_ERROR;
				CLANG_WARN_QUOTED_INCLUDE_IN_FRAMEWORK_HEADER = YES;
				CLANG_WARN_RANGE_LOOP_ANALYSIS = YES;
				CLANG_WARN_STRICT_PROTOTYPES = YES;
				CLANG_WARN_SUSPICIOUS_MOVE = YES;
				CLANG_WARN_UNGUARDED_AVAILABILITY = YES_AGGRESSIVE;
				CLANG_WARN_UNREACHABLE_CODE = YES;
				CLANG_WARN__DUPLICATE_METHOD_MATCH = YES;
				COPY_PHASE_STRIP = NO;
				DEBUG_INFORMATION_FORMAT = "dwarf-with-dsym";
				ENABLE_NS_ASSERTIONS = NO;
				ENABLE_STRICT_OBJC_MSGSEND = YES;
				GCC_C_LANGUAGE_STANDARD = gnu11;
				GCC_NO_COMMON_BLOCKS = YES;
				GCC_WARN_64_TO_32_BIT_CONVERSION = YES;
				GCC_WARN_ABOUT_RETURN_TYPE = YES_ERROR;
				GCC_WARN_UNDECLARED_SELECTOR = YES;
				GCC_WARN_UNINITIALIZED_AUTOS = YES_AGGRESSIVE;
				GCC_WARN_UNUSED_FUNCTION = YES;
				GCC_WARN_UNUSED_VARIABLE = YES;
				IPHONEOS_DEPLOYMENT_TARGET = 16.4;
				MTL_ENABLE_DEBUG_INFO = NO;
				MTL_FAST_MATH = YES;
				SDKROOT = iphoneos;
				SWIFT_COMPILATION_MODE = wholemodule;
				SWIFT_OPTIMIZATION_LEVEL = "-O";
				VALIDATE_PRODUCT = YES;
			};
			name = Release;
		};
		A271A5502AE02C1E0086CC20 /* Debug */ = {
			isa = XCBuildConfiguration;
			buildSettings = {
				ASSETCATALOG_COMPILER_APPICON_NAME = AppIcon;
				ASSETCATALOG_COMPILER_GLOBAL_ACCENT_COLOR_NAME = AccentColor;
				CODE_SIGN_ENTITLEMENTS = FilmApp/FilmApp.entitlements;
				CODE_SIGN_STYLE = Automatic;
				CURRENT_PROJECT_VERSION = 1;
				GENERATE_INFOPLIST_FILE = YES;
				INFOPLIST_FILE = FilmApp/Info.plist;
				INFOPLIST_KEY_UIApplicationSupportsIndirectInputEvents = YES;
				INFOPLIST_KEY_UILaunchStoryboardName = LaunchScreen;
				INFOPLIST_KEY_UIMainStoryboardFile = Main;
				INFOPLIST_KEY_UISupportedInterfaceOrientations_iPad = "UIInterfaceOrientationPortrait UIInterfaceOrientationPortraitUpsideDown UIInterfaceOrientationLandscapeLeft UIInterfaceOrientationLandscapeRight";
				INFOPLIST_KEY_UISupportedInterfaceOrientations_iPhone = "UIInterfaceOrientationPortrait UIInterfaceOrientationLandscapeLeft UIInterfaceOrientationLandscapeRight";
				IPHONEOS_DEPLOYMENT_TARGET = 14.0;
				LD_RUNPATH_SEARCH_PATHS = (
					"$(inherited)",
					"@executable_path/Frameworks",
				);
				MARKETING_VERSION = 1.0;
				PRODUCT_BUNDLE_IDENTIFIER = Onuralpp.FilmApp;
				PRODUCT_NAME = "$(TARGET_NAME)";
				SWIFT_EMIT_LOC_STRINGS = YES;
				SWIFT_VERSION = 5.0;
				TARGETED_DEVICE_FAMILY = "1,2";
			};
			name = Debug;
		};
		A271A5512AE02C1E0086CC20 /* Release */ = {
			isa = XCBuildConfiguration;
			buildSettings = {
				ASSETCATALOG_COMPILER_APPICON_NAME = AppIcon;
				ASSETCATALOG_COMPILER_GLOBAL_ACCENT_COLOR_NAME = AccentColor;
				CODE_SIGN_ENTITLEMENTS = FilmApp/FilmApp.entitlements;
				CODE_SIGN_STYLE = Automatic;
				CURRENT_PROJECT_VERSION = 1;
				GENERATE_INFOPLIST_FILE = YES;
				INFOPLIST_FILE = FilmApp/Info.plist;
				INFOPLIST_KEY_UIApplicationSupportsIndirectInputEvents = YES;
				INFOPLIST_KEY_UILaunchStoryboardName = LaunchScreen;
				INFOPLIST_KEY_UIMainStoryboardFile = Main;
				INFOPLIST_KEY_UISupportedInterfaceOrientations_iPad = "UIInterfaceOrientationPortrait UIInterfaceOrientationPortraitUpsideDown UIInterfaceOrientationLandscapeLeft UIInterfaceOrientationLandscapeRight";
				INFOPLIST_KEY_UISupportedInterfaceOrientations_iPhone = "UIInterfaceOrientationPortrait UIInterfaceOrientationLandscapeLeft UIInterfaceOrientationLandscapeRight";
				IPHONEOS_DEPLOYMENT_TARGET = 14.0;
				LD_RUNPATH_SEARCH_PATHS = (
					"$(inherited)",
					"@executable_path/Frameworks",
				);
				MARKETING_VERSION = 1.0;
				PRODUCT_BUNDLE_IDENTIFIER = Onuralpp.FilmApp;
				PRODUCT_NAME = "$(TARGET_NAME)";
				SWIFT_EMIT_LOC_STRINGS = YES;
				SWIFT_VERSION = 5.0;
				TARGETED_DEVICE_FAMILY = "1,2";
			};
			name = Release;
		};
/* End XCBuildConfiguration section */

/* Begin XCConfigurationList section */
		A271A5362AE02C1D0086CC20 /* Build configuration list for PBXProject "FilmApp" */ = {
			isa = XCConfigurationList;
			buildConfigurations = (
				A271A54D2AE02C1E0086CC20 /* Debug */,
				A271A54E2AE02C1E0086CC20 /* Release */,
			);
			defaultConfigurationIsVisible = 0;
			defaultConfigurationName = Release;
		};
		A271A54F2AE02C1E0086CC20 /* Build configuration list for PBXNativeTarget "FilmApp" */ = {
			isa = XCConfigurationList;
			buildConfigurations = (
				A271A5502AE02C1E0086CC20 /* Debug */,
				A271A5512AE02C1E0086CC20 /* Release */,
			);
			defaultConfigurationIsVisible = 0;
			defaultConfigurationName = Release;
		};
/* End XCConfigurationList section */

/* Begin XCRemoteSwiftPackageReference section */
		A231D2B62AE828250093234B /* XCRemoteSwiftPackageReference "lottie-ios" */ = {
			isa = XCRemoteSwiftPackageReference;
			repositoryURL = "https://github.com/airbnb/lottie-ios";
			requirement = {
				kind = upToNextMajorVersion;
				minimumVersion = 4.0.0;
			};
		};
		A265FA742AE1593E0084451E /* XCRemoteSwiftPackageReference "SDWebImage" */ = {
			isa = XCRemoteSwiftPackageReference;
			repositoryURL = "https://github.com/SDWebImage/SDWebImage";
			requirement = {
				kind = upToNextMajorVersion;
				minimumVersion = 5.0.0;
			};
		};
		A271A5682AE031760086CC20 /* XCRemoteSwiftPackageReference "Alamofire" */ = {
			isa = XCRemoteSwiftPackageReference;
			repositoryURL = "https://github.com/Alamofire/Alamofire";
			requirement = {
				kind = upToNextMajorVersion;
				minimumVersion = 5.0.0;
			};
		};
		A2C6CCFA2AE82F2800D7A7C0 /* XCRemoteSwiftPackageReference "firebase-ios-sdk" */ = {
			isa = XCRemoteSwiftPackageReference;
			repositoryURL = "https://github.com/firebase/firebase-ios-sdk";
			requirement = {
				kind = upToNextMajorVersion;
				minimumVersion = 10.0.0;
			};
		};
/* End XCRemoteSwiftPackageReference section */

/* Begin XCSwiftPackageProductDependency section */
		A231D2B72AE828250093234B /* Lottie */ = {
			isa = XCSwiftPackageProductDependency;
			package = A231D2B62AE828250093234B /* XCRemoteSwiftPackageReference "lottie-ios" */;
			productName = Lottie;
		};
		A265FA752AE1593F0084451E /* SDWebImage */ = {
			isa = XCSwiftPackageProductDependency;
			package = A265FA742AE1593E0084451E /* XCRemoteSwiftPackageReference "SDWebImage" */;
			productName = SDWebImage;
		};
		A271A5692AE031760086CC20 /* Alamofire */ = {
			isa = XCSwiftPackageProductDependency;
			package = A271A5682AE031760086CC20 /* XCRemoteSwiftPackageReference "Alamofire" */;
			productName = Alamofire;
		};
		A2C6CCFB2AE82F2800D7A7C0 /* FirebaseAnalytics */ = {
			isa = XCSwiftPackageProductDependency;
			package = A2C6CCFA2AE82F2800D7A7C0 /* XCRemoteSwiftPackageReference "firebase-ios-sdk" */;
			productName = FirebaseAnalytics;
		};
		A2C6CCFD2AE82F2800D7A7C0 /* FirebaseMessaging */ = {
			isa = XCSwiftPackageProductDependency;
			package = A2C6CCFA2AE82F2800D7A7C0 /* XCRemoteSwiftPackageReference "firebase-ios-sdk" */;
			productName = FirebaseMessaging;
		};
		A2C6CCFF2AE82F2800D7A7C0 /* FirebaseRemoteConfig */ = {
			isa = XCSwiftPackageProductDependency;
			package = A2C6CCFA2AE82F2800D7A7C0 /* XCRemoteSwiftPackageReference "firebase-ios-sdk" */;
			productName = FirebaseRemoteConfig;
		};
/* End XCSwiftPackageProductDependency section */
	};
	rootObject = A271A5332AE02C1D0086CC20 /* Project object */;
}
